
Microsoft Visual Studio Solution File, Format Version 12.00
# Visual Studio Version 17
VisualStudioVersion = 17.1.32228.430
MinimumVisualStudioVersion = 10.0.40219.1
Project("{9A19103F-16F7-4668-BE54-9A1E7A4F7556}") = "class work", "ConsoleApp2\class work.csproj", "{61A3475B-6572-4840-8D66-A3074BBA0B91}"
EndProject
Project("{9A19103F-16F7-4668-BE54-9A1E7A4F7556}") = "pattern class", "pattern class\pattern class.csproj", "{18CC18A2-3919-4F16-A987-0C096EFAD239}"
EndProject
Project("{9A19103F-16F7-4668-BE54-9A1E7A4F7556}") = "inheritance", "inheritance\inheritance.csproj", "{8C696517-89FF-473A-BC92-41DEE49EE279}"
EndProject
Project("{FAE04EC0-301F-11D3-BF4B-00C04F79EFBC}") = "arey assignment", "arey assignment\arey assignment.csproj", "{10F285CE-CBA0-4F00-97F9-48137A823146}"
EndProject
Global
	GlobalSection(SolutionConfigurationPlatforms) = preSolution
		Debug|Any CPU = Debug|Any CPU
		Release|Any CPU = Release|Any CPU
	EndGlobalSection
	GlobalSection(ProjectConfigurationPlatforms) = postSolution
		{61A3475B-6572-4840-8D66-A3074BBA0B91}.Debug|Any CPU.ActiveCfg = Debug|Any CPU
		{61A3475B-6572-4840-8D66-A3074BBA0B91}.Debug|Any CPU.Build.0 = Debug|Any CPU
		{61A3475B-6572-4840-8D66-A3074BBA0B91}.Release|Any CPU.ActiveCfg = Release|Any CPU
		{61A3475B-6572-4840-8D66-A3074BBA0B91}.Release|Any CPU.Build.0 = Release|Any CPU
		{18CC18A2-3919-4F16-A987-0C096EFAD239}.Debug|Any CPU.ActiveCfg = Debug|Any CPU
		{18CC18A2-3919-4F16-A987-0C096EFAD239}.Debug|Any CPU.Build.0 = Debug|Any CPU
		{18CC18A2-3919-4F16-A987-0C096EFAD239}.Release|Any CPU.ActiveCfg = Release|Any CPU
		{18CC18A2-3919-4F16-A987-0C096EFAD239}.Release|Any CPU.Build.0 = Release|Any CPU
		{8C696517-89FF-473A-BC92-41DEE49EE279}.Debug|Any CPU.ActiveCfg = Debug|Any CPU
		{8C696517-89FF-473A-BC92-41DEE49EE279}.Debug|Any CPU.Build.0 = Debug|Any CPU
		{8C696517-89FF-473A-BC92-41DEE49EE279}.Release|Any CPU.ActiveCfg = Release|Any CPU
		{8C696517-89FF-473A-BC92-41DEE49EE279}.Release|Any CPU.Build.0 = Release|Any CPU
		{10F285CE-CBA0-4F00-97F9-48137A823146}.Debug|Any CPU.ActiveCfg = Debug|Any CPU
		{10F285CE-CBA0-4F00-97F9-48137A823146}.Debug|Any CPU.Build.0 = Debug|Any CPU
		{10F285CE-CBA0-4F00-97F9-48137A823146}.Release|Any CPU.ActiveCfg = Release|Any CPU
		{10F285CE-CBA0-4F00-97F9-48137A823146}.Release|Any CPU.Build.0 = Release|Any CPU
	EndGlobalSection
	GlobalSection(SolutionProperties) = preSolution
		HideSolutionNode = FALSE
	EndGlobalSection
	GlobalSection(ExtensibilityGlobals) = postSolution
		SolutionGuid = {673C1507-F94B-477F-8D4C-4928716C71C1}
	EndGlobalSection
EndGlobal
